{
  "pins" : [
    {
      "identity" : "mqttcocoaasyncsocket",
      "kind" : "remoteSourceControl",
      "location" : "https://github.com/sungjin-woo/MqttCocoaAsyncSocket",
      "state" : {
        "branch" : "fix/exception_handling_on_disconnect",
        "revision" : "1dcfb09bdf38284bc5e29e9e17616124f90dc094"
      }
    },
    {
      "identity" : "starscream",
      "kind" : "remoteSourceControl",
      "location" : "https://github.com/daltoniam/Starscream.git",
      "state" : {
        "branch" : "4.0.8",
        "revision" : "c6bfd1af48efcc9a9ad203665db12375ba6b145a"
      }
    }
  ],
  "version" : 2
}
